
Microsoft Visual Studio Solution File, Format Version 12.00
# Visual Studio Version 17
VisualStudioVersion = 17.0.31912.275
MinimumVisualStudioVersion = 10.0.40219.1
Project("{FAE04EC0-301F-11D3-BF4B-00C04F79EFBC}") = "irRenamer", "irRenamer.csproj", "{3F8D6DD1-3396-4349-B82D-885D307F510B}"
EndProject
Global
	GlobalSection(SolutionConfigurationPlatforms) = preSolution
		Debug|Any CPU = Debug|Any CPU
		Release|Any CPU = Release|Any CPU
	EndGlobalSection
	GlobalSection(ProjectConfigurationPlatforms) = postSolution
		{3F8D6DD1-3396-4349-B82D-885D307F510B}.Debug|Any CPU.ActiveCfg = Debug|Any CPU
		{3F8D6DD1-3396-4349-B82D-885D307F510B}.Debug|Any CPU.Build.0 = Debug|Any CPU
		{3F8D6DD1-3396-4349-B82D-885D307F510B}.Release|Any CPU.ActiveCfg = Release|Any CPU
		{3F8D6DD1-3396-4349-B82D-885D307F510B}.Release|Any CPU.Build.0 = Release|Any CPU
	EndGlobalSection
	GlobalSection(SolutionProperties) = preSolution
		HideSolutionNode = FALSE
	EndGlobalSection
	GlobalSection(ExtensibilityGlobals) = postSolution
		SolutionGuid = {CB25ED42-8B0E-4479-AA01-C03D3E5C5453}
	EndGlobalSection
EndGlobal
